
Microsoft Visual Studio Solution File, Format Version 12.00
# Visual Studio 15
VisualStudioVersion = 15.0.26228.12
MinimumVisualStudioVersion = 10.0.40219.1
Project("{FAE04EC0-301F-11D3-BF4B-00C04F79EFBC}") = "ZeBoneGame", "ZeBoneGame\ZeBoneGame.csproj", "{A768A180-08E0-44D5-B99A-C1DC8178CF81}"
EndProject
Project("{FAE04EC0-301F-11D3-BF4B-00C04F79EFBC}") = "ZeBoneGame.Tests", "ZeBoneGame.Tests\ZeBoneGame.Tests.csproj", "{D6CDBFC2-AAC2-4CD5-9822-60FDF5F3B48F}"
EndProject
Project("{FAE04EC0-301F-11D3-BF4B-00C04F79EFBC}") = "ImageSelector", "ImageSelector\ImageSelector.csproj", "{163DA479-AF6C-4B71-9FCB-78B8EEAA460E}"
EndProject
Global
	GlobalSection(SolutionConfigurationPlatforms) = preSolution
		Debug|Any CPU = Debug|Any CPU
		Release|Any CPU = Release|Any CPU
	EndGlobalSection
	GlobalSection(ProjectConfigurationPlatforms) = postSolution
		{A768A180-08E0-44D5-B99A-C1DC8178CF81}.Debug|Any CPU.ActiveCfg = Debug|Any CPU
		{A768A180-08E0-44D5-B99A-C1DC8178CF81}.Debug|Any CPU.Build.0 = Debug|Any CPU
		{A768A180-08E0-44D5-B99A-C1DC8178CF81}.Release|Any CPU.ActiveCfg = Release|Any CPU
		{A768A180-08E0-44D5-B99A-C1DC8178CF81}.Release|Any CPU.Build.0 = Release|Any CPU
		{D6CDBFC2-AAC2-4CD5-9822-60FDF5F3B48F}.Debug|Any CPU.ActiveCfg = Debug|Any CPU
		{D6CDBFC2-AAC2-4CD5-9822-60FDF5F3B48F}.Debug|Any CPU.Build.0 = Debug|Any CPU
		{D6CDBFC2-AAC2-4CD5-9822-60FDF5F3B48F}.Release|Any CPU.ActiveCfg = Release|Any CPU
		{D6CDBFC2-AAC2-4CD5-9822-60FDF5F3B48F}.Release|Any CPU.Build.0 = Release|Any CPU
		{163DA479-AF6C-4B71-9FCB-78B8EEAA460E}.Debug|Any CPU.ActiveCfg = Debug|Any CPU
		{163DA479-AF6C-4B71-9FCB-78B8EEAA460E}.Debug|Any CPU.Build.0 = Debug|Any CPU
		{163DA479-AF6C-4B71-9FCB-78B8EEAA460E}.Release|Any CPU.ActiveCfg = Release|Any CPU
		{163DA479-AF6C-4B71-9FCB-78B8EEAA460E}.Release|Any CPU.Build.0 = Release|Any CPU
	EndGlobalSection
	GlobalSection(SolutionProperties) = preSolution
		HideSolutionNode = FALSE
	EndGlobalSection
EndGlobal
